
Microsoft Visual Studio Solution File, Format Version 12.00
# Visual Studio Version 16
VisualStudioVersion = 16.0.30523.141
MinimumVisualStudioVersion = 10.0.40219.1
Project("{FAE04EC0-301F-11D3-BF4B-00C04F79EFBC}") = "Elevator_Ledi", "WindowsFormsApplication7\Elevator_Ledi.csproj", "{A85F948E-686A-4334-AB13-BEE10682F935}"
EndProject
Global
	GlobalSection(SolutionConfigurationPlatforms) = preSolution
		Debug|Any CPU = Debug|Any CPU
		Release|Any CPU = Release|Any CPU
	EndGlobalSection
	GlobalSection(ProjectConfigurationPlatforms) = postSolution
		{A85F948E-686A-4334-AB13-BEE10682F935}.Debug|Any CPU.ActiveCfg = Debug|Any CPU
		{A85F948E-686A-4334-AB13-BEE10682F935}.Debug|Any CPU.Build.0 = Debug|Any CPU
		{A85F948E-686A-4334-AB13-BEE10682F935}.Release|Any CPU.ActiveCfg = Release|Any CPU
		{A85F948E-686A-4334-AB13-BEE10682F935}.Release|Any CPU.Build.0 = Release|Any CPU
	EndGlobalSection
	GlobalSection(SolutionProperties) = preSolution
		HideSolutionNode = FALSE
	EndGlobalSection
	GlobalSection(ExtensibilityGlobals) = postSolution
		SolutionGuid = {CFB30B2B-C5FE-4736-A83A-CECCC780C73C}
	EndGlobalSection
EndGlobal
